
Microsoft Visual Studio Solution File, Format Version 12.00
# Visual Studio Version 17
VisualStudioVersion = 17.5.33530.505
MinimumVisualStudioVersion = 10.0.40219.1
Project("{FAE04EC0-301F-11D3-BF4B-00C04F79EFBC}") = "EngiCalculator", "calculator\EngiCalculator.csproj", "{EE67470F-8E77-4E1B-B0E9-4128943461B2}"
EndProject
Global
	GlobalSection(SolutionConfigurationPlatforms) = preSolution
		Debug|Any CPU = Debug|Any CPU
		Release|Any CPU = Release|Any CPU
	EndGlobalSection
	GlobalSection(ProjectConfigurationPlatforms) = postSolution
		{EE67470F-8E77-4E1B-B0E9-4128943461B2}.Debug|Any CPU.ActiveCfg = Debug|Any CPU
		{EE67470F-8E77-4E1B-B0E9-4128943461B2}.Debug|Any CPU.Build.0 = Debug|Any CPU
		{EE67470F-8E77-4E1B-B0E9-4128943461B2}.Release|Any CPU.ActiveCfg = Release|Any CPU
		{EE67470F-8E77-4E1B-B0E9-4128943461B2}.Release|Any CPU.Build.0 = Release|Any CPU
	EndGlobalSection
	GlobalSection(SolutionProperties) = preSolution
		HideSolutionNode = FALSE
	EndGlobalSection
	GlobalSection(ExtensibilityGlobals) = postSolution
		SolutionGuid = {16F0E8C7-D356-421E-A877-BD8AB63CA25F}
	EndGlobalSection
EndGlobal
